// !$*UTF8*$!
{
	archiveVersion = 1;
	classes = {
	};
	objectVersion = 55;
	objects = {

/* Begin PBXBuildFile section */
		4EC804DD28866C9E00B27A9A /* Permutation.swift in Sources */ = {isa = PBXBuildFile; fileRef = 4EC804DC28866C9E00B27A9A /* Permutation.swift */; };
		4EC804DF28866CA600B27A9A /* Combination.swift in Sources */ = {isa = PBXBuildFile; fileRef = 4EC804DE28866CA600B27A9A /* Combination.swift */; };
		4EC804E128866F3000B27A9A /* Baekjoon2309.swift in Sources */ = {isa = PBXBuildFile; fileRef = 4EC804E028866F3000B27A9A /* Baekjoon2309.swift */; };
		4ECC2B592888527600A9377A /* Baekjoon10974.swift in Sources */ = {isa = PBXBuildFile; fileRef = 4ECC2B582888527600A9377A /* Baekjoon10974.swift */; };
		4EFF0D00288539260093005B /* main.swift in Sources */ = {isa = PBXBuildFile; fileRef = 4EFF0CFF288539260093005B /* main.swift */; };
		4EFF0D08288539CF0093005B /* Baekjoon.swift in Sources */ = {isa = PBXBuildFile; fileRef = 4EFF0D07288539CF0093005B /* Baekjoon.swift */; };
		4EFF0D0A288539E20093005B /* Baekjoon1012.swift in Sources */ = {isa = PBXBuildFile; fileRef = 4EFF0D09288539E20093005B /* Baekjoon1012.swift */; };
/* End PBXBuildFile section */

/* Begin PBXCopyFilesBuildPhase section */
		4EFF0CFA288539260093005B /* CopyFiles */ = {
			isa = PBXCopyFilesBuildPhase;
			buildActionMask = 2147483647;
			dstPath = /usr/share/man/man1/;
			dstSubfolderSpec = 0;
			files = (
			);
			runOnlyForDeploymentPostprocessing = 1;
		};
/* End PBXCopyFilesBuildPhase section */

/* Begin PBXFileReference section */
		4EC804DC28866C9E00B27A9A /* Permutation.swift */ = {isa = PBXFileReference; lastKnownFileType = sourcecode.swift; path = Permutation.swift; sourceTree = "<group>"; };
		4EC804DE28866CA600B27A9A /* Combination.swift */ = {isa = PBXFileReference; lastKnownFileType = sourcecode.swift; path = Combination.swift; sourceTree = "<group>"; };
		4EC804E028866F3000B27A9A /* Baekjoon2309.swift */ = {isa = PBXFileReference; lastKnownFileType = sourcecode.swift; path = Baekjoon2309.swift; sourceTree = "<group>"; };
		4ECC2B582888527600A9377A /* Baekjoon10974.swift */ = {isa = PBXFileReference; lastKnownFileType = sourcecode.swift; path = Baekjoon10974.swift; sourceTree = "<group>"; };
		4EFF0CFC288539260093005B /* daily-ps */ = {isa = PBXFileReference; explicitFileType = "compiled.mach-o.executable"; includeInIndex = 0; path = "daily-ps"; sourceTree = BUILT_PRODUCTS_DIR; };
		4EFF0CFF288539260093005B /* main.swift */ = {isa = PBXFileReference; lastKnownFileType = sourcecode.swift; path = main.swift; sourceTree = "<group>"; };
		4EFF0D07288539CF0093005B /* Baekjoon.swift */ = {isa = PBXFileReference; lastKnownFileType = sourcecode.swift; path = Baekjoon.swift; sourceTree = "<group>"; };
		4EFF0D09288539E20093005B /* Baekjoon1012.swift */ = {isa = PBXFileReference; lastKnownFileType = sourcecode.swift; path = Baekjoon1012.swift; sourceTree = "<group>"; };
/* End PBXFileReference section */

/* Begin PBXFrameworksBuildPhase section */
		4EFF0CF9288539260093005B /* Frameworks */ = {
			isa = PBXFrameworksBuildPhase;
			buildActionMask = 2147483647;
			files = (
			);
			runOnlyForDeploymentPostprocessing = 0;
		};
/* End PBXFrameworksBuildPhase section */

/* Begin PBXGroup section */
		4EFF0CF3288539260093005B = {
			isa = PBXGroup;
			children = (
				4EFF0CFE288539260093005B /* daily-ps */,
				4EFF0CFD288539260093005B /* Products */,
			);
			sourceTree = "<group>";
		};
		4EFF0CFD288539260093005B /* Products */ = {
			isa = PBXGroup;
			children = (
				4EFF0CFC288539260093005B /* daily-ps */,
			);
			name = Products;
			sourceTree = "<group>";
		};
		4EFF0CFE288539260093005B /* daily-ps */ = {
			isa = PBXGroup;
			children = (
				4EFF0D06288539AD0093005B /* Baekjoon */,
				4EFF0CFF288539260093005B /* main.swift */,
				4EC804DC28866C9E00B27A9A /* Permutation.swift */,
				4EC804DE28866CA600B27A9A /* Combination.swift */,
			);
			path = "daily-ps";
			sourceTree = "<group>";
		};
		4EFF0D06288539AD0093005B /* Baekjoon */ = {
			isa = PBXGroup;
			children = (
				4EFF0D07288539CF0093005B /* Baekjoon.swift */,
				4EFF0D09288539E20093005B /* Baekjoon1012.swift */,
				4EC804E028866F3000B27A9A /* Baekjoon2309.swift */,
				4ECC2B582888527600A9377A /* Baekjoon10974.swift */,
			);
			path = Baekjoon;
			sourceTree = "<group>";
		};
/* End PBXGroup section */

/* Begin PBXNativeTarget section */
		4EFF0CFB288539260093005B /* daily-ps */ = {
			isa = PBXNativeTarget;
			buildConfigurationList = 4EFF0D03288539260093005B /* Build configuration list for PBXNativeTarget "daily-ps" */;
			buildPhases = (
				4EFF0CF8288539260093005B /* Sources */,
				4EFF0CF9288539260093005B /* Frameworks */,
				4EFF0CFA288539260093005B /* CopyFiles */,
			);
			buildRules = (
			);
			dependencies = (
			);
			name = "daily-ps";
			productName = "daily-ps";
			productReference = 4EFF0CFC288539260093005B /* daily-ps */;
			productType = "com.apple.product-type.tool";
		};
/* End PBXNativeTarget section */

/* Begin PBXProject section */
		4EFF0CF4288539260093005B /* Project object */ = {
			isa = PBXProject;
			attributes = {
				BuildIndependentTargetsInParallel = 1;
				LastSwiftUpdateCheck = 1340;
				LastUpgradeCheck = 1340;
				TargetAttributes = {
					4EFF0CFB288539260093005B = {
						CreatedOnToolsVersion = 13.4.1;
					};
				};
			};
			buildConfigurationList = 4EFF0CF7288539260093005B /* Build configuration list for PBXProject "daily-ps" */;
			compatibilityVersion = "Xcode 13.0";
			developmentRegion = en;
			hasScannedForEncodings = 0;
			knownRegions = (
				en,
				Base,
			);
			mainGroup = 4EFF0CF3288539260093005B;
			productRefGroup = 4EFF0CFD288539260093005B /* Products */;
			projectDirPath = "";
			projectRoot = "";
			targets = (
				4EFF0CFB288539260093005B /* daily-ps */,
			);
		};
/* End PBXProject section */

/* Begin PBXSourcesBuildPhase section */
		4EFF0CF8288539260093005B /* Sources */ = {
			isa = PBXSourcesBuildPhase;
			buildActionMask = 2147483647;
			files = (
				4EC804E128866F3000B27A9A /* Baekjoon2309.swift in Sources */,
				4ECC2B592888527600A9377A /* Baekjoon10974.swift in Sources */,
				4EC804DD28866C9E00B27A9A /* Permutation.swift in Sources */,
				4EFF0D0A288539E20093005B /* Baekjoon1012.swift in Sources */,
				4EFF0D08288539CF0093005B /* Baekjoon.swift in Sources */,
				4EFF0D00288539260093005B /* main.swift in Sources */,
				4EC804DF28866CA600B27A9A /* Combination.swift in Sources */,
			);
			runOnlyForDeploymentPostprocessing = 0;
		};
/* End PBXSourcesBuildPhase section */

/* Begin XCBuildConfiguration section */
		4EFF0D01288539260093005B /* Debug */ = {
			isa = XCBuildConfiguration;
			buildSettings = {
				ALWAYS_SEARCH_USER_PATHS = NO;
				CLANG_ANALYZER_NONNULL = YES;
				CLANG_ANALYZER_NUMBER_OBJECT_CONVERSION = YES_AGGRESSIVE;
				CLANG_CXX_LANGUAGE_STANDARD = "gnu++17";
				CLANG_ENABLE_MODULES = YES;
				CLANG_ENABLE_OBJC_ARC = YES;
				CLANG_ENABLE_OBJC_WEAK = YES;
				CLANG_WARN_BLOCK_CAPTURE_AUTORELEASING = YES;
				CLANG_WARN_BOOL_CONVERSION = YES;
				CLANG_WARN_COMMA = YES;
				CLANG_WARN_CONSTANT_CONVERSION = YES;
				CLANG_WARN_DEPRECATED_OBJC_IMPLEMENTATIONS = YES;
				CLANG_WARN_DIRECT_OBJC_ISA_USAGE = YES_ERROR;
				CLANG_WARN_DOCUMENTATION_COMMENTS = YES;
				CLANG_WARN_EMPTY_BODY = YES;
				CLANG_WARN_ENUM_CONVERSION = YES;
				CLANG_WARN_INFINITE_RECURSION = YES;
				CLANG_WARN_INT_CONVERSION = YES;
				CLANG_WARN_NON_LITERAL_NULL_CONVERSION = YES;
				CLANG_WARN_OBJC_IMPLICIT_RETAIN_SELF = YES;
				CLANG_WARN_OBJC_LITERAL_CONVERSION = YES;
				CLANG_WARN_OBJC_ROOT_CLASS = YES_ERROR;
				CLANG_WARN_QUOTED_INCLUDE_IN_FRAMEWORK_HEADER = YES;
				CLANG_WARN_RANGE_LOOP_ANALYSIS = YES;
				CLANG_WARN_STRICT_PROTOTYPES = YES;
				CLANG_WARN_SUSPICIOUS_MOVE = YES;
				CLANG_WARN_UNGUARDED_AVAILABILITY = YES_AGGRESSIVE;
				CLANG_WARN_UNREACHABLE_CODE = YES;
				CLANG_WARN__DUPLICATE_METHOD_MATCH = YES;
				COPY_PHASE_STRIP = NO;
				DEBUG_INFORMATION_FORMAT = dwarf;
				ENABLE_STRICT_OBJC_MSGSEND = YES;
				ENABLE_TESTABILITY = YES;
				GCC_C_LANGUAGE_STANDARD = gnu11;
				GCC_DYNAMIC_NO_PIC = NO;
				GCC_NO_COMMON_BLOCKS = YES;
				GCC_OPTIMIZATION_LEVEL = 0;
				GCC_PREPROCESSOR_DEFINITIONS = (
					"DEBUG=1",
					"$(inherited)",
				);
				GCC_WARN_64_TO_32_BIT_CONVERSION = YES;
				GCC_WARN_ABOUT_RETURN_TYPE = YES_ERROR;
				GCC_WARN_UNDECLARED_SELECTOR = YES;
				GCC_WARN_UNINITIALIZED_AUTOS = YES_AGGRESSIVE;
				GCC_WARN_UNUSED_FUNCTION = YES;
				GCC_WARN_UNUSED_VARIABLE = YES;
				MACOSX_DEPLOYMENT_TARGET = 12.3;
				MTL_ENABLE_DEBUG_INFO = INCLUDE_SOURCE;
				MTL_FAST_MATH = YES;
				ONLY_ACTIVE_ARCH = YES;
				SDKROOT = macosx;
				SWIFT_ACTIVE_COMPILATION_CONDITIONS = DEBUG;
				SWIFT_OPTIMIZATION_LEVEL = "-Onone";
			};
			name = Debug;
		};
		4EFF0D02288539260093005B /* Release */ = {
			isa = XCBuildConfiguration;
			buildSettings = {
				ALWAYS_SEARCH_USER_PATHS = NO;
				CLANG_ANALYZER_NONNULL = YES;
				CLANG_ANALYZER_NUMBER_OBJECT_CONVERSION = YES_AGGRESSIVE;
				CLANG_CXX_LANGUAGE_STANDARD = "gnu++17";
				CLANG_ENABLE_MODULES = YES;
				CLANG_ENABLE_OBJC_ARC = YES;
				CLANG_ENABLE_OBJC_WEAK = YES;
				CLANG_WARN_BLOCK_CAPTURE_AUTORELEASING = YES;
				CLANG_WARN_BOOL_CONVERSION = YES;
				CLANG_WARN_COMMA = YES;
				CLANG_WARN_CONSTANT_CONVERSION = YES;
				CLANG_WARN_DEPRECATED_OBJC_IMPLEMENTATIONS = YES;
				CLANG_WARN_DIRECT_OBJC_ISA_USAGE = YES_ERROR;
				CLANG_WARN_DOCUMENTATION_COMMENTS = YES;
				CLANG_WARN_EMPTY_BODY = YES;
				CLANG_WARN_ENUM_CONVERSION = YES;
				CLANG_WARN_INFINITE_RECURSION = YES;
				CLANG_WARN_INT_CONVERSION = YES;
				CLANG_WARN_NON_LITERAL_NULL_CONVERSION = YES;
				CLANG_WARN_OBJC_IMPLICIT_RETAIN_SELF = YES;
				CLANG_WARN_OBJC_LITERAL_CONVERSION = YES;
				CLANG_WARN_OBJC_ROOT_CLASS = YES_ERROR;
				CLANG_WARN_QUOTED_INCLUDE_IN_FRAMEWORK_HEADER = YES;
				CLANG_WARN_RANGE_LOOP_ANALYSIS = YES;
				CLANG_WARN_STRICT_PROTOTYPES = YES;
				CLANG_WARN_SUSPICIOUS_MOVE = YES;
				CLANG_WARN_UNGUARDED_AVAILABILITY = YES_AGGRESSIVE;
				CLANG_WARN_UNREACHABLE_CODE = YES;
				CLANG_WARN__DUPLICATE_METHOD_MATCH = YES;
				COPY_PHASE_STRIP = NO;
				DEBUG_INFORMATION_FORMAT = "dwarf-with-dsym";
				ENABLE_NS_ASSERTIONS = NO;
				ENABLE_STRICT_OBJC_MSGSEND = YES;
				GCC_C_LANGUAGE_STANDARD = gnu11;
				GCC_NO_COMMON_BLOCKS = YES;
				GCC_WARN_64_TO_32_BIT_CONVERSION = YES;
				GCC_WARN_ABOUT_RETURN_TYPE = YES_ERROR;
				GCC_WARN_UNDECLARED_SELECTOR = YES;
				GCC_WARN_UNINITIALIZED_AUTOS = YES_AGGRESSIVE;
				GCC_WARN_UNUSED_FUNCTION = YES;
				GCC_WARN_UNUSED_VARIABLE = YES;
				MACOSX_DEPLOYMENT_TARGET = 12.3;
				MTL_ENABLE_DEBUG_INFO = NO;
				MTL_FAST_MATH = YES;
				SDKROOT = macosx;
				SWIFT_COMPILATION_MODE = wholemodule;
				SWIFT_OPTIMIZATION_LEVEL = "-O";
			};
			name = Release;
		};
		4EFF0D04288539260093005B /* Debug */ = {
			isa = XCBuildConfiguration;
			buildSettings = {
				CODE_SIGN_STYLE = Automatic;
				PRODUCT_NAME = "$(TARGET_NAME)";
				SWIFT_VERSION = 5.0;
			};
			name = Debug;
		};
		4EFF0D05288539260093005B /* Release */ = {
			isa = XCBuildConfiguration;
			buildSettings = {
				CODE_SIGN_STYLE = Automatic;
				PRODUCT_NAME = "$(TARGET_NAME)";
				SWIFT_VERSION = 5.0;
			};
			name = Release;
		};
/* End XCBuildConfiguration section */

/* Begin XCConfigurationList section */
		4EFF0CF7288539260093005B /* Build configuration list for PBXProject "daily-ps" */ = {
			isa = XCConfigurationList;
			buildConfigurations = (
				4EFF0D01288539260093005B /* Debug */,
				4EFF0D02288539260093005B /* Release */,
			);
			defaultConfigurationIsVisible = 0;
			defaultConfigurationName = Release;
		};
		4EFF0D03288539260093005B /* Build configuration list for PBXNativeTarget "daily-ps" */ = {
			isa = XCConfigurationList;
			buildConfigurations = (
				4EFF0D04288539260093005B /* Debug */,
				4EFF0D05288539260093005B /* Release */,
			);
			defaultConfigurationIsVisible = 0;
			defaultConfigurationName = Release;
		};
/* End XCConfigurationList section */
	};
	rootObject = 4EFF0CF4288539260093005B /* Project object */;
}
